// !$*UTF8*$!
{
	archiveVersion = 1;
	classes = {
	};
	objectVersion = 50;
	objects = {

/* Begin PBXBuildFile section */
		4152C054263A635C0086945C /* User+CoreDataClass.swift in Sources */ = {isa = PBXBuildFile; fileRef = 4152C052263A635C0086945C /* User+CoreDataClass.swift */; };
		4152C055263A635C0086945C /* User+CoreDataProperties.swift in Sources */ = {isa = PBXBuildFile; fileRef = 4152C053263A635C0086945C /* User+CoreDataProperties.swift */; };
		41A1D67B2639346F00E6F5F0 /* WelcomePage.storyboard in Resources */ = {isa = PBXBuildFile; fileRef = 41A1D67A2639346F00E6F5F0 /* WelcomePage.storyboard */; };
		41A1D684263942F200E6F5F0 /* WelcomePageViewController.swift in Sources */ = {isa = PBXBuildFile; fileRef = 41A1D683263942F200E6F5F0 /* WelcomePageViewController.swift */; };
		50F7CD202634272E006BD439 /* CircularProgressBarView.swift in Sources */ = {isa = PBXBuildFile; fileRef = 50F7CD1F2634272E006BD439 /* CircularProgressBarView.swift */; };
		972F63E726334106005A40B4 /* AppDelegate.swift in Sources */ = {isa = PBXBuildFile; fileRef = 972F63E626334106005A40B4 /* AppDelegate.swift */; };
		972F63E926334106005A40B4 /* SceneDelegate.swift in Sources */ = {isa = PBXBuildFile; fileRef = 972F63E826334106005A40B4 /* SceneDelegate.swift */; };
		972F63EB26334106005A40B4 /* ViewController.swift in Sources */ = {isa = PBXBuildFile; fileRef = 972F63EA26334106005A40B4 /* ViewController.swift */; };
		972F63EE26334106005A40B4 /* Main.storyboard in Resources */ = {isa = PBXBuildFile; fileRef = 972F63EC26334106005A40B4 /* Main.storyboard */; };
		972F63F126334106005A40B4 /* LABFIT.xcdatamodeld in Sources */ = {isa = PBXBuildFile; fileRef = 972F63EF26334106005A40B4 /* LABFIT.xcdatamodeld */; };
		972F63F326334107005A40B4 /* Assets.xcassets in Resources */ = {isa = PBXBuildFile; fileRef = 972F63F226334107005A40B4 /* Assets.xcassets */; };
		972F63F626334107005A40B4 /* LaunchScreen.storyboard in Resources */ = {isa = PBXBuildFile; fileRef = 972F63F426334107005A40B4 /* LaunchScreen.storyboard */; };
		973803642636C62C00369594 /* AddMealPage.storyboard in Resources */ = {isa = PBXBuildFile; fileRef = 973803632636C62C00369594 /* AddMealPage.storyboard */; };
		973803682636C77600369594 /* ProfilePage.storyboard in Resources */ = {isa = PBXBuildFile; fileRef = 973803672636C77600369594 /* ProfilePage.storyboard */; };
		978D12FC263700BF0046639A /* MealPlanPage.storyboard in Resources */ = {isa = PBXBuildFile; fileRef = 978D12FB263700BF0046639A /* MealPlanPage.storyboard */; };
		97BFDEAF2639A54800A1F88E /* MealListTableViewCell.swift in Sources */ = {isa = PBXBuildFile; fileRef = 97BFDEAD2639A54800A1F88E /* MealListTableViewCell.swift */; };
		97BFDEB02639A54800A1F88E /* MealListTableViewCell.xib in Resources */ = {isa = PBXBuildFile; fileRef = 97BFDEAE2639A54800A1F88E /* MealListTableViewCell.xib */; };
		97D420232635BC22006E53C8 /* DateCollectionViewCell.swift in Sources */ = {isa = PBXBuildFile; fileRef = 97D420222635BC22006E53C8 /* DateCollectionViewCell.swift */; };
/* End PBXBuildFile section */

/* Begin PBXFileReference section */
		4152C052263A635C0086945C /* User+CoreDataClass.swift */ = {isa = PBXFileReference; lastKnownFileType = sourcecode.swift; path = "User+CoreDataClass.swift"; sourceTree = "<group>"; };
		4152C053263A635C0086945C /* User+CoreDataProperties.swift */ = {isa = PBXFileReference; lastKnownFileType = sourcecode.swift; path = "User+CoreDataProperties.swift"; sourceTree = "<group>"; };
		41A1D67A2639346F00E6F5F0 /* WelcomePage.storyboard */ = {isa = PBXFileReference; lastKnownFileType = file.storyboard; path = WelcomePage.storyboard; sourceTree = "<group>"; };
		41A1D683263942F200E6F5F0 /* WelcomePageViewController.swift */ = {isa = PBXFileReference; lastKnownFileType = sourcecode.swift; path = WelcomePageViewController.swift; sourceTree = "<group>"; };
		50F7CD1F2634272E006BD439 /* CircularProgressBarView.swift */ = {isa = PBXFileReference; lastKnownFileType = sourcecode.swift; path = CircularProgressBarView.swift; sourceTree = "<group>"; };
		972F63E326334106005A40B4 /* LABFIT.app */ = {isa = PBXFileReference; explicitFileType = wrapper.application; includeInIndex = 0; path = LABFIT.app; sourceTree = BUILT_PRODUCTS_DIR; };
		972F63E626334106005A40B4 /* AppDelegate.swift */ = {isa = PBXFileReference; lastKnownFileType = sourcecode.swift; path = AppDelegate.swift; sourceTree = "<group>"; };
		972F63E826334106005A40B4 /* SceneDelegate.swift */ = {isa = PBXFileReference; lastKnownFileType = sourcecode.swift; path = SceneDelegate.swift; sourceTree = "<group>"; };
		972F63EA26334106005A40B4 /* ViewController.swift */ = {isa = PBXFileReference; lastKnownFileType = sourcecode.swift; path = ViewController.swift; sourceTree = "<group>"; };
		972F63ED26334106005A40B4 /* Base */ = {isa = PBXFileReference; lastKnownFileType = file.storyboard; name = Base; path = Base.lproj/Main.storyboard; sourceTree = "<group>"; };
		972F63F026334106005A40B4 /* LABFIT.xcdatamodel */ = {isa = PBXFileReference; lastKnownFileType = wrapper.xcdatamodel; path = LABFIT.xcdatamodel; sourceTree = "<group>"; };
		972F63F226334107005A40B4 /* Assets.xcassets */ = {isa = PBXFileReference; lastKnownFileType = folder.assetcatalog; path = Assets.xcassets; sourceTree = "<group>"; };
		972F63F526334107005A40B4 /* Base */ = {isa = PBXFileReference; lastKnownFileType = file.storyboard; name = Base; path = Base.lproj/LaunchScreen.storyboard; sourceTree = "<group>"; };
		972F63F726334107005A40B4 /* Info.plist */ = {isa = PBXFileReference; lastKnownFileType = text.plist.xml; path = Info.plist; sourceTree = "<group>"; };
		973803632636C62C00369594 /* AddMealPage.storyboard */ = {isa = PBXFileReference; lastKnownFileType = file.storyboard; path = AddMealPage.storyboard; sourceTree = "<group>"; };
		973803672636C77600369594 /* ProfilePage.storyboard */ = {isa = PBXFileReference; lastKnownFileType = file.storyboard; path = ProfilePage.storyboard; sourceTree = "<group>"; };
		978D12FB263700BF0046639A /* MealPlanPage.storyboard */ = {isa = PBXFileReference; lastKnownFileType = file.storyboard; path = MealPlanPage.storyboard; sourceTree = "<group>"; };
		97BFDEAD2639A54800A1F88E /* MealListTableViewCell.swift */ = {isa = PBXFileReference; lastKnownFileType = sourcecode.swift; path = MealListTableViewCell.swift; sourceTree = "<group>"; };
		97BFDEAE2639A54800A1F88E /* MealListTableViewCell.xib */ = {isa = PBXFileReference; lastKnownFileType = file.xib; path = MealListTableViewCell.xib; sourceTree = "<group>"; };
		97D420222635BC22006E53C8 /* DateCollectionViewCell.swift */ = {isa = PBXFileReference; lastKnownFileType = sourcecode.swift; path = DateCollectionViewCell.swift; sourceTree = "<group>"; };
/* End PBXFileReference section */

/* Begin PBXFrameworksBuildPhase section */
		972F63E026334106005A40B4 /* Frameworks */ = {
			isa = PBXFrameworksBuildPhase;
			buildActionMask = 2147483647;
			files = (
			);
			runOnlyForDeploymentPostprocessing = 0;
		};
/* End PBXFrameworksBuildPhase section */

/* Begin PBXGroup section */
		4152C056263A63640086945C /* User */ = {
			isa = PBXGroup;
			children = (
				4152C052263A635C0086945C /* User+CoreDataClass.swift */,
				4152C053263A635C0086945C /* User+CoreDataProperties.swift */,
			);
			path = User;
			sourceTree = "<group>";
		};
		41A1D68D2639463C00E6F5F0 /* Model */ = {
			isa = PBXGroup;
			children = (
				4152C056263A63640086945C /* User */,
			);
			path = Model;
			sourceTree = "<group>";
		};
		972F63DA26334106005A40B4 = {
			isa = PBXGroup;
			children = (
				972F63E526334106005A40B4 /* LABFIT */,
				972F63E426334106005A40B4 /* Products */,
			);
			sourceTree = "<group>";
		};
		972F63E426334106005A40B4 /* Products */ = {
			isa = PBXGroup;
			children = (
				972F63E326334106005A40B4 /* LABFIT.app */,
			);
			name = Products;
			sourceTree = "<group>";
		};
		972F63E526334106005A40B4 /* LABFIT */ = {
			isa = PBXGroup;
			children = (
				97BFDEAC2639A4A400A1F88E /* mealListCell */,
				41A1D68D2639463C00E6F5F0 /* Model */,
				4C16FF6A26396106000F48FE /* Cell Profile */,
				972F63E626334106005A40B4 /* AppDelegate.swift */,
				972F63E826334106005A40B4 /* SceneDelegate.swift */,
				972F63EA26334106005A40B4 /* ViewController.swift */,
				41A1D683263942F200E6F5F0 /* WelcomePageViewController.swift */,
				41A1D67A2639346F00E6F5F0 /* WelcomePage.storyboard */,
				4C16FF662639402A000F48FE /* profileViewController.swift */,
				972F63EC26334106005A40B4 /* Main.storyboard */,
				973803632636C62C00369594 /* AddMealPage.storyboard */,
				973803672636C77600369594 /* ProfilePage.storyboard */,
				978D12FB263700BF0046639A /* MealPlanPage.storyboard */,
				972F63F426334107005A40B4 /* LaunchScreen.storyboard */,
				972F63F226334107005A40B4 /* Assets.xcassets */,
				972F63F726334107005A40B4 /* Info.plist */,
				972F63EF26334106005A40B4 /* LABFIT.xcdatamodeld */,
				50F7CD1F2634272E006BD439 /* CircularProgressBarView.swift */,
				97D420222635BC22006E53C8 /* DateCollectionViewCell.swift */,
			);
			path = LABFIT;
			sourceTree = "<group>";
		};
		97BFDEAC2639A4A400A1F88E /* mealListCell */ = {
			isa = PBXGroup;
			children = (
				97BFDEAD2639A54800A1F88E /* MealListTableViewCell.swift */,
				97BFDEAE2639A54800A1F88E /* MealListTableViewCell.xib */,
			);
			path = mealListCell;
			sourceTree = "<group>";
		};
/* End PBXGroup section */

/* Begin PBXNativeTarget section */
		972F63E226334106005A40B4 /* LABFIT */ = {
			isa = PBXNativeTarget;
			buildConfigurationList = 972F63FA26334107005A40B4 /* Build configuration list for PBXNativeTarget "LABFIT" */;
			buildPhases = (
				972F63DF26334106005A40B4 /* Sources */,
				972F63E026334106005A40B4 /* Frameworks */,
				972F63E126334106005A40B4 /* Resources */,
			);
			buildRules = (
			);
			dependencies = (
			);
			name = LABFIT;
			productName = LABFIT;
			productReference = 972F63E326334106005A40B4 /* LABFIT.app */;
			productType = "com.apple.product-type.application";
		};
/* End PBXNativeTarget section */

/* Begin PBXProject section */
		972F63DB26334106005A40B4 /* Project object */ = {
			isa = PBXProject;
			attributes = {
				LastSwiftUpdateCheck = 1240;
				LastUpgradeCheck = 1240;
				TargetAttributes = {
					972F63E226334106005A40B4 = {
						CreatedOnToolsVersion = 12.4;
					};
				};
			};
			buildConfigurationList = 972F63DE26334106005A40B4 /* Build configuration list for PBXProject "LABFIT" */;
			compatibilityVersion = "Xcode 9.3";
			developmentRegion = en;
			hasScannedForEncodings = 0;
			knownRegions = (
				en,
				Base,
			);
			mainGroup = 972F63DA26334106005A40B4;
			productRefGroup = 972F63E426334106005A40B4 /* Products */;
			projectDirPath = "";
			projectRoot = "";
			targets = (
				972F63E226334106005A40B4 /* LABFIT */,
			);
		};
/* End PBXProject section */

/* Begin PBXResourcesBuildPhase section */
		972F63E126334106005A40B4 /* Resources */ = {
			isa = PBXResourcesBuildPhase;
			buildActionMask = 2147483647;
			files = (
				97BFDEB02639A54800A1F88E /* MealListTableViewCell.xib in Resources */,
				972F63F626334107005A40B4 /* LaunchScreen.storyboard in Resources */,
				978D12FC263700BF0046639A /* MealPlanPage.storyboard in Resources */,
				972F63F326334107005A40B4 /* Assets.xcassets in Resources */,
				973803642636C62C00369594 /* AddMealPage.storyboard in Resources */,
				4C16FF6E2639618F000F48FE /* TableViewProfileCell.xib in Resources */,
				973803682636C77600369594 /* ProfilePage.storyboard in Resources */,
				41A1D67B2639346F00E6F5F0 /* WelcomePage.storyboard in Resources */,
				972F63EE26334106005A40B4 /* Main.storyboard in Resources */,
			);
			runOnlyForDeploymentPostprocessing = 0;
		};
/* End PBXResourcesBuildPhase section */

/* Begin PBXSourcesBuildPhase section */
		972F63DF26334106005A40B4 /* Sources */ = {
			isa = PBXSourcesBuildPhase;
			buildActionMask = 2147483647;
			files = (
				972F63EB26334106005A40B4 /* ViewController.swift in Sources */,
				97BFDEAF2639A54800A1F88E /* MealListTableViewCell.swift in Sources */,
				4C16FF6D2639618F000F48FE /* TableViewProfileCell.swift in Sources */,
				972F63F126334106005A40B4 /* LABFIT.xcdatamodeld in Sources */,
				4C16FF672639402A000F48FE /* profileViewController.swift in Sources */,
				972F63E726334106005A40B4 /* AppDelegate.swift in Sources */,
				972F63E926334106005A40B4 /* SceneDelegate.swift in Sources */,
				97D420232635BC22006E53C8 /* DateCollectionViewCell.swift in Sources */,
				41A1D684263942F200E6F5F0 /* WelcomePageViewController.swift in Sources */,
				4152C054263A635C0086945C /* User+CoreDataClass.swift in Sources */,
				50F7CD202634272E006BD439 /* CircularProgressBarView.swift in Sources */,
				4152C055263A635C0086945C /* User+CoreDataProperties.swift in Sources */,
			);
			runOnlyForDeploymentPostprocessing = 0;
		};
/* End PBXSourcesBuildPhase section */

/* Begin PBXVariantGroup section */
		972F63EC26334106005A40B4 /* Main.storyboard */ = {
			isa = PBXVariantGroup;
			children = (
				972F63ED26334106005A40B4 /* Base */,
			);
			name = Main.storyboard;
			sourceTree = "<group>";
		};
		972F63F426334107005A40B4 /* LaunchScreen.storyboard */ = {
			isa = PBXVariantGroup;
			children = (
				972F63F526334107005A40B4 /* Base */,
			);
			name = LaunchScreen.storyboard;
			sourceTree = "<group>";
		};
/* End PBXVariantGroup section */

/* Begin XCBuildConfiguration section */
		972F63F826334107005A40B4 /* Debug */ = {
			isa = XCBuildConfiguration;
			buildSettings = {
				ALWAYS_SEARCH_USER_PATHS = NO;
				CLANG_ANALYZER_NONNULL = YES;
				CLANG_ANALYZER_NUMBER_OBJECT_CONVERSION = YES_AGGRESSIVE;
				CLANG_CXX_LANGUAGE_STANDARD = "gnu++14";
				CLANG_CXX_LIBRARY = "libc++";
				CLANG_ENABLE_MODULES = YES;
				CLANG_ENABLE_OBJC_ARC = YES;
				CLANG_ENABLE_OBJC_WEAK = YES;
				CLANG_WARN_BLOCK_CAPTURE_AUTORELEASING = YES;
				CLANG_WARN_BOOL_CONVERSION = YES;
				CLANG_WARN_COMMA = YES;
				CLANG_WARN_CONSTANT_CONVERSION = YES;
				CLANG_WARN_DEPRECATED_OBJC_IMPLEMENTATIONS = YES;
				CLANG_WARN_DIRECT_OBJC_ISA_USAGE = YES_ERROR;
				CLANG_WARN_DOCUMENTATION_COMMENTS = YES;
				CLANG_WARN_EMPTY_BODY = YES;
				CLANG_WARN_ENUM_CONVERSION = YES;
				CLANG_WARN_INFINITE_RECURSION = YES;
				CLANG_WARN_INT_CONVERSION = YES;
				CLANG_WARN_NON_LITERAL_NULL_CONVERSION = YES;
				CLANG_WARN_OBJC_IMPLICIT_RETAIN_SELF = YES;
				CLANG_WARN_OBJC_LITERAL_CONVERSION = YES;
				CLANG_WARN_OBJC_ROOT_CLASS = YES_ERROR;
				CLANG_WARN_QUOTED_INCLUDE_IN_FRAMEWORK_HEADER = YES;
				CLANG_WARN_RANGE_LOOP_ANALYSIS = YES;
				CLANG_WARN_STRICT_PROTOTYPES = YES;
				CLANG_WARN_SUSPICIOUS_MOVE = YES;
				CLANG_WARN_UNGUARDED_AVAILABILITY = YES_AGGRESSIVE;
				CLANG_WARN_UNREACHABLE_CODE = YES;
				CLANG_WARN__DUPLICATE_METHOD_MATCH = YES;
				COPY_PHASE_STRIP = NO;
				DEBUG_INFORMATION_FORMAT = dwarf;
				ENABLE_STRICT_OBJC_MSGSEND = YES;
				ENABLE_TESTABILITY = YES;
				GCC_C_LANGUAGE_STANDARD = gnu11;
				GCC_DYNAMIC_NO_PIC = NO;
				GCC_NO_COMMON_BLOCKS = YES;
				GCC_OPTIMIZATION_LEVEL = 0;
				GCC_PREPROCESSOR_DEFINITIONS = (
					"DEBUG=1",
					"$(inherited)",
				);
				GCC_WARN_64_TO_32_BIT_CONVERSION = YES;
				GCC_WARN_ABOUT_RETURN_TYPE = YES_ERROR;
				GCC_WARN_UNDECLARED_SELECTOR = YES;
				GCC_WARN_UNINITIALIZED_AUTOS = YES_AGGRESSIVE;
				GCC_WARN_UNUSED_FUNCTION = YES;
				GCC_WARN_UNUSED_VARIABLE = YES;
				IPHONEOS_DEPLOYMENT_TARGET = 14.4;
				MTL_ENABLE_DEBUG_INFO = INCLUDE_SOURCE;
				MTL_FAST_MATH = YES;
				ONLY_ACTIVE_ARCH = YES;
				SDKROOT = iphoneos;
				SWIFT_ACTIVE_COMPILATION_CONDITIONS = DEBUG;
				SWIFT_OPTIMIZATION_LEVEL = "-Onone";
			};
			name = Debug;
		};
		972F63F926334107005A40B4 /* Release */ = {
			isa = XCBuildConfiguration;
			buildSettings = {
				ALWAYS_SEARCH_USER_PATHS = NO;
				CLANG_ANALYZER_NONNULL = YES;
				CLANG_ANALYZER_NUMBER_OBJECT_CONVERSION = YES_AGGRESSIVE;
				CLANG_CXX_LANGUAGE_STANDARD = "gnu++14";
				CLANG_CXX_LIBRARY = "libc++";
				CLANG_ENABLE_MODULES = YES;
				CLANG_ENABLE_OBJC_ARC = YES;
				CLANG_ENABLE_OBJC_WEAK = YES;
				CLANG_WARN_BLOCK_CAPTURE_AUTORELEASING = YES;
				CLANG_WARN_BOOL_CONVERSION = YES;
				CLANG_WARN_COMMA = YES;
				CLANG_WARN_CONSTANT_CONVERSION = YES;
				CLANG_WARN_DEPRECATED_OBJC_IMPLEMENTATIONS = YES;
				CLANG_WARN_DIRECT_OBJC_ISA_USAGE = YES_ERROR;
				CLANG_WARN_DOCUMENTATION_COMMENTS = YES;
				CLANG_WARN_EMPTY_BODY = YES;
				CLANG_WARN_ENUM_CONVERSION = YES;
				CLANG_WARN_INFINITE_RECURSION = YES;
				CLANG_WARN_INT_CONVERSION = YES;
				CLANG_WARN_NON_LITERAL_NULL_CONVERSION = YES;
				CLANG_WARN_OBJC_IMPLICIT_RETAIN_SELF = YES;
				CLANG_WARN_OBJC_LITERAL_CONVERSION = YES;
				CLANG_WARN_OBJC_ROOT_CLASS = YES_ERROR;
				CLANG_WARN_QUOTED_INCLUDE_IN_FRAMEWORK_HEADER = YES;
				CLANG_WARN_RANGE_LOOP_ANALYSIS = YES;
				CLANG_WARN_STRICT_PROTOTYPES = YES;
				CLANG_WARN_SUSPICIOUS_MOVE = YES;
				CLANG_WARN_UNGUARDED_AVAILABILITY = YES_AGGRESSIVE;
				CLANG_WARN_UNREACHABLE_CODE = YES;
				CLANG_WARN__DUPLICATE_METHOD_MATCH = YES;
				COPY_PHASE_STRIP = NO;
				DEBUG_INFORMATION_FORMAT = "dwarf-with-dsym";
				ENABLE_NS_ASSERTIONS = NO;
				ENABLE_STRICT_OBJC_MSGSEND = YES;
				GCC_C_LANGUAGE_STANDARD = gnu11;
				GCC_NO_COMMON_BLOCKS = YES;
				GCC_WARN_64_TO_32_BIT_CONVERSION = YES;
				GCC_WARN_ABOUT_RETURN_TYPE = YES_ERROR;
				GCC_WARN_UNDECLARED_SELECTOR = YES;
				GCC_WARN_UNINITIALIZED_AUTOS = YES_AGGRESSIVE;
				GCC_WARN_UNUSED_FUNCTION = YES;
				GCC_WARN_UNUSED_VARIABLE = YES;
				IPHONEOS_DEPLOYMENT_TARGET = 14.4;
				MTL_ENABLE_DEBUG_INFO = NO;
				MTL_FAST_MATH = YES;
				SDKROOT = iphoneos;
				SWIFT_COMPILATION_MODE = wholemodule;
				SWIFT_OPTIMIZATION_LEVEL = "-O";
				VALIDATE_PRODUCT = YES;
			};
			name = Release;
		};
		972F63FB26334107005A40B4 /* Debug */ = {
			isa = XCBuildConfiguration;
			buildSettings = {
				ASSETCATALOG_COMPILER_APPICON_NAME = AppIcon;
				ASSETCATALOG_COMPILER_GLOBAL_ACCENT_COLOR_NAME = AccentColor;
				CODE_SIGN_STYLE = Automatic;
				DEVELOPMENT_TEAM = VXCW9GZNN5;
				INFOPLIST_FILE = LABFIT/Info.plist;
				IPHONEOS_DEPLOYMENT_TARGET = 14.0;
				LD_RUNPATH_SEARCH_PATHS = (
					"$(inherited)",
					"@executable_path/Frameworks",
				);
				PRODUCT_BUNDLE_IDENTIFIER = LAB.LABFIT;
				PRODUCT_NAME = "$(TARGET_NAME)";
				SWIFT_VERSION = 5.0;
				TARGETED_DEVICE_FAMILY = "1,2";
			};
			name = Debug;
		};
		972F63FC26334107005A40B4 /* Release */ = {
			isa = XCBuildConfiguration;
			buildSettings = {
				ASSETCATALOG_COMPILER_APPICON_NAME = AppIcon;
				ASSETCATALOG_COMPILER_GLOBAL_ACCENT_COLOR_NAME = AccentColor;
				CODE_SIGN_STYLE = Automatic;
				DEVELOPMENT_TEAM = VXCW9GZNN5;
				INFOPLIST_FILE = LABFIT/Info.plist;
				IPHONEOS_DEPLOYMENT_TARGET = 14.0;
				LD_RUNPATH_SEARCH_PATHS = (
					"$(inherited)",
					"@executable_path/Frameworks",
				);
				PRODUCT_BUNDLE_IDENTIFIER = LAB.LABFIT;
				PRODUCT_NAME = "$(TARGET_NAME)";
				SWIFT_VERSION = 5.0;
				TARGETED_DEVICE_FAMILY = "1,2";
			};
			name = Release;
		};
/* End XCBuildConfiguration section */

/* Begin XCConfigurationList section */
		972F63DE26334106005A40B4 /* Build configuration list for PBXProject "LABFIT" */ = {
			isa = XCConfigurationList;
			buildConfigurations = (
				972F63F826334107005A40B4 /* Debug */,
				972F63F926334107005A40B4 /* Release */,
			);
			defaultConfigurationIsVisible = 0;
			defaultConfigurationName = Release;
		};
		972F63FA26334107005A40B4 /* Build configuration list for PBXNativeTarget "LABFIT" */ = {
			isa = XCConfigurationList;
			buildConfigurations = (
				972F63FB26334107005A40B4 /* Debug */,
				972F63FC26334107005A40B4 /* Release */,
			);
			defaultConfigurationIsVisible = 0;
			defaultConfigurationName = Release;
		};
/* End XCConfigurationList section */

/* Begin XCVersionGroup section */
		972F63EF26334106005A40B4 /* LABFIT.xcdatamodeld */ = {
			isa = XCVersionGroup;
			children = (
				972F63F026334106005A40B4 /* LABFIT.xcdatamodel */,
			);
			currentVersion = 972F63F026334106005A40B4 /* LABFIT.xcdatamodel */;
			path = LABFIT.xcdatamodeld;
			sourceTree = "<group>";
			versionGroupType = wrapper.xcdatamodel;
		};
/* End XCVersionGroup section */
	};
	rootObject = 972F63DB26334106005A40B4 /* Project object */;
}
